<?xml version="1.0" encoding="utf-8"?>
<Project ToolsVersion="4.0" xmlns="http://schemas.microsoft.com/developer/msbuild/2003">
  <ItemGroup>
    <Filter Include="Source Files">
      <UniqueIdentifier>{4FC737F1-C7A5-4376-A066-2A32D752A2FF}</UniqueIdentifier>
      <Extensions>cpp;c;cc;cxx;c++;cppm;ixx;def;odl;idl;hpj;bat;asm;asmx</Extensions>
    </Filter>
    <Filter Include="Header Files">
      <UniqueIdentifier>{93995380-89BD-4b04-88EB-625FBE52EBFB}</UniqueIdentifier>
      <Extensions>h;hh;hpp;hxx;h++;hm;inl;inc;ipp;xsd</Extensions>
    </Filter>
    <Filter Include="Resource Files">
      <UniqueIdentifier>{67DA6AB6-F800-4c08-8B7A-83BB121AAD01}</UniqueIdentifier>
      <Extensions>rc;ico;cur;bmp;dlg;rc2;rct;bin;rgs;gif;jpg;jpeg;jpe;resx;tiff;tif;png;wav;mfcribbon-ms</Extensions>
    </Filter>
    <Filter Include="Header Files\arch">
      <UniqueIdentifier>{fe311e11-f9eb-48e8-807c-bf90dbd55c76}</UniqueIdentifier>
    </Filter>
    <Filter Include="Header Files\arch\x86_64">
      <UniqueIdentifier>{9d52a5ce-6fbb-4895-9ac8-7a16f8200ef0}</UniqueIdentifier>
    </Filter>
    <Filter Include="Source Files\text">
      <UniqueIdentifier>{b6e7d49f-6b77-4af2-9d0b-5d78c0565581}</UniqueIdentifier>
    </Filter>
    <Filter Include="Source Files\assembly">
      <UniqueIdentifier>{3f481926-cf39-4ac5-84e7-298f6ef5dc45}</UniqueIdentifier>
    </Filter>
    <Filter Include="Source Files\assembly\x86_64">
      <UniqueIdentifier>{2e8d31ef-59ba-4326-8daa-059516912ab7}</UniqueIdentifier>
    </Filter>
  </ItemGroup>
  <ItemGroup>
    <None Include=".gitignore">
      <Filter>Source Files</Filter>
    </None>
    <None Include="TODO">
      <Filter>Source Files\text</Filter>
    </None>
    <None Include="README.md">
      <Filter>Source Files\text</Filter>
    </None>
    <None Include=".gitattributes">
      <Filter>Source Files\text</Filter>
    </None>
  </ItemGroup>
  <ItemGroup>
    <ClCompile Include="glad.c">
      <Filter>Source Files</Filter>
    </ClCompile>
    <ClCompile Include="GXBitmap.c">
      <Filter>Source Files</Filter>
    </ClCompile>
    <ClCompile Include="GXCamera.c">
      <Filter>Source Files</Filter>
    </ClCompile>
    <ClCompile Include="GXEntity.c">
      <Filter>Source Files</Filter>
    </ClCompile>
    <ClCompile Include="GXJPG.c">
      <Filter>Source Files</Filter>
    </ClCompile>
    <ClCompile Include="GXJSON.c">
      <Filter>Source Files</Filter>
    </ClCompile>
    <ClCompile Include="GXMesh.c">
      <Filter>Source Files</Filter>
    </ClCompile>
    <ClCompile Include="GXPLY.c">
      <Filter>Source Files</Filter>
    </ClCompile>
    <ClCompile Include="GXPNG.c">
      <Filter>Source Files</Filter>
    </ClCompile>
    <ClCompile Include="GXScene.c">
      <Filter>Source Files</Filter>
    </ClCompile>
    <ClCompile Include="GXShader.c">
      <Filter>Source Files</Filter>
    </ClCompile>
    <ClCompile Include="GXTexture.c">
      <Filter>Source Files</Filter>
    </ClCompile>
    <ClCompile Include="GXTransform.c">
      <Filter>Source Files</Filter>
    </ClCompile>
    <ClCompile Include="GXMaterial.c">
      <Filter>Source Files</Filter>
    </ClCompile>
    <ClCompile Include="GXRigidbody.c">
      <Filter>Source Files</Filter>
    </ClCompile>
    <ClCompile Include="GXLight.c">
      <Filter>Source Files</Filter>
    </ClCompile>
    <ClCompile Include="main.c">
      <Filter>Source Files</Filter>
    </ClCompile>
    <ClCompile Include="G10.c">
      <Filter>Source Files</Filter>
    </ClCompile>
    <ClCompile Include="GXNetworking.c">
      <Filter>Source Files</Filter>
    </ClCompile>
    <ClCompile Include="GXRig.c">
      <Filter>Source Files</Filter>
    </ClCompile>
    <ClCompile Include="GXCollider.c">
      <Filter>Source Files</Filter>
    </ClCompile>
    <ClCompile Include="GXPhysics.c">
      <Filter>Source Files</Filter>
    </ClCompile>
    <ClCompile Include="GXKeyValue.c">
      <Filter>Source Files</Filter>
    </ClCompile>
    <ClCompile Include="GXSplashscreen.c">
      <Filter>Source Files</Filter>
    </ClCompile>
    <ClCompile Include="GXProp.c">
      <Filter>Source Files</Filter>
    </ClCompile>
    <ClCompile Include="GXHDR.c">
      <Filter>Source Files</Filter>
    </ClCompile>
    <ClCompile Include="GXSkybox.c">
      <Filter>Source Files</Filter>
    </ClCompile>
  </ItemGroup>
  <ItemGroup>
    <ClInclude Include="include\G10\GXBitmap.h">
      <Filter>Header Files</Filter>
    </ClInclude>
    <ClInclude Include="include\G10\GXCamera.h">
      <Filter>Header Files</Filter>
    </ClInclude>
    <ClInclude Include="include\G10\GXEntity.h">
      <Filter>Header Files</Filter>
    </ClInclude>
    <ClInclude Include="include\G10\GXilmath.h">
      <Filter>Header Files</Filter>
    </ClInclude>
    <ClInclude Include="include\G10\GXJPG.h">
      <Filter>Header Files</Filter>
    </ClInclude>
    <ClInclude Include="include\G10\GXJSON.h">
      <Filter>Header Files</Filter>
    </ClInclude>
    <ClInclude Include="include\G10\GXLinear.h">
      <Filter>Header Files</Filter>
    </ClInclude>
    <ClInclude Include="include\G10\GXMesh.h">
      <Filter>Header Files</Filter>
    </ClInclude>
    <ClInclude Include="include\G10\GXPLY.h">
      <Filter>Header Files</Filter>
    </ClInclude>
    <ClInclude Include="include\G10\GXPNG.h">
      <Filter>Header Files</Filter>
    </ClInclude>
    <ClInclude Include="include\G10\GXQuaternion.h">
      <Filter>Header Files</Filter>
    </ClInclude>
    <ClInclude Include="include\G10\GXScene.h">
      <Filter>Header Files</Filter>
    </ClInclude>
    <ClInclude Include="include\G10\GXShader.h">
      <Filter>Header Files</Filter>
    </ClInclude>
    <ClInclude Include="include\G10\GXTexture.h">
      <Filter>Header Files</Filter>
    </ClInclude>
    <ClInclude Include="include\G10\GXtypedef.h">
      <Filter>Header Files</Filter>
    </ClInclude>
    <ClInclude Include="include\G10\GXTransform.h">
      <Filter>Header Files</Filter>
    </ClInclude>
    <ClInclude Include="include\G10\GXMaterial.h">
      <Filter>Header Files</Filter>
    </ClInclude>
    <ClInclude Include="include\G10\GXRigidbody.h">
      <Filter>Header Files</Filter>
    </ClInclude>
    <ClInclude Include="include\G10\GXCollider.h">
      <Filter>Header Files</Filter>
    </ClInclude>
    <ClInclude Include="resource.h">
      <Filter>Header Files</Filter>
    </ClInclude>
    <ClInclude Include="include\G10\GXLight.h">
      <Filter>Header Files</Filter>
    </ClInclude>
    <ClInclude Include="include\G10\G10.h">
      <Filter>Header Files</Filter>
    </ClInclude>
    <ClInclude Include="include\G10\GXKeyValue.h">
      <Filter>Header Files</Filter>
    </ClInclude>
    <ClInclude Include="include\G10\GXNetworking.h">
      <Filter>Header Files</Filter>
    </ClInclude>
    <ClInclude Include="include\G10\GXRig.h">
      <Filter>Header Files</Filter>
    </ClInclude>
    <ClInclude Include="include\G10\arch\x86_64\GXAVXmath.h">
      <Filter>Header Files\arch\x86_64</Filter>
    </ClInclude>
    <ClInclude Include="include\G10\GXPhysics.h">
      <Filter>Header Files</Filter>
    </ClInclude>
    <ClInclude Include="include\G10\GXSplashscreen.h">
      <Filter>Header Files</Filter>
    </ClInclude>
    <ClInclude Include="include\G10\GXProp.h">
      <Filter>Header Files</Filter>
    </ClInclude>
    <ClInclude Include="include\G10\GXHDR.h">
      <Filter>Header Files</Filter>
    </ClInclude>
    <ClInclude Include="include\G10\GXSkybox.h">
      <Filter>Header Files</Filter>
    </ClInclude>
    <ClInclude Include="include\G10\arch\x86_64\GXAVXlinear.h">
      <Filter>Header Files\arch\x86_64</Filter>
    </ClInclude>
  </ItemGroup>
  <ItemGroup>
    <MASM Include="GXCamera_x86_64.asm">
      <Filter>Source Files\assembly\x86_64</Filter>
    </MASM>
    <MASM Include="GXMath_x86_64.asm">
      <Filter>Source Files\assembly\x86_64</Filter>
    </MASM>
    <MASM Include="GXRig_x86_64.asm">
      <Filter>Source Files\assembly\x86_64</Filter>
    </MASM>
    <MASM Include="GXCollision_x86_64.asm">
      <Filter>Source Files\assembly\x86_64</Filter>
    </MASM>
    <MASM Include="GXRigidbody_x86_64.asm">
      <Filter>Source Files\assembly\x86_64</Filter>
    </MASM>
    <MASM Include="GXLinear_x86_64.asm">
      <Filter>Source Files\assembly\x86_64</Filter>
    </MASM>
  </ItemGroup>
  <ItemGroup>
    <Text Include="benchmarks.txt">
      <Filter>Source Files\text</Filter>
    </Text>
    <Text Include="acknowledgements.txt">
      <Filter>Source Files\text</Filter>
    </Text>
    <Text Include="how to build.txt">
      <Filter>Source Files\text</Filter>
    </Text>
    <Text Include="height mapping notes.txt">
      <Filter>Source Files\text</Filter>
    </Text>
  </ItemGroup>
  <ItemGroup>
    <ResourceCompile Include="Resource.rc">
      <Filter>Resource Files</Filter>
    </ResourceCompile>
  </ItemGroup>
  <ItemGroup>
    <Image Include="G10.ico">
      <Filter>Resource Files</Filter>
    </Image>
  </ItemGroup>
</Project>